Microsoft Visual Studio Solution File, Format Version 12.00
# Visual Studio Version 17
VisualStudioVersion = 17.5.2.0
MinimumVisualStudioVersion = 10.0.40219.1
Project("{FAE04EC0-301F-11D3-BF4B-00C04F79EFBC}") = "nametime", "nametime.csproj", "{DA6C5A7F-BB9E-0218-5BEC-DE84ABDE3900}"
EndProject
Global
	GlobalSection(SolutionConfigurationPlatforms) = preSolution
		Debug|Any CPU = Debug|Any CPU
		Release|Any CPU = Release|Any CPU
	EndGlobalSection
	GlobalSection(ProjectConfigurationPlatforms) = postSolution
		{DA6C5A7F-BB9E-0218-5BEC-DE84ABDE3900}.Debug|Any CPU.ActiveCfg = Debug|Any CPU
		{DA6C5A7F-BB9E-0218-5BEC-DE84ABDE3900}.Debug|Any CPU.Build.0 = Debug|Any CPU
		{DA6C5A7F-BB9E-0218-5BEC-DE84ABDE3900}.Release|Any CPU.ActiveCfg = Release|Any CPU
		{DA6C5A7F-BB9E-0218-5BEC-DE84ABDE3900}.Release|Any CPU.Build.0 = Release|Any CPU
	EndGlobalSection
	GlobalSection(SolutionProperties) = preSolution
		HideSolutionNode = FALSE
	EndGlobalSection
	GlobalSection(ExtensibilityGlobals) = postSolution
		SolutionGuid = {3EAE5353-B3E1-4487-AC97-92A5D16C7411}
	EndGlobalSection
EndGlobal
